{
    "_readme": [
        "This file locks the dependencies of your project to a known state",
        "Read more about it at https://getcomposer.org/doc/01-basic-usage.md#installing-dependencies",
        "This file is @generated automatically"
    ],
    "content-hash": "4fb916255c0630ab397e0fbaf5337486",
    "packages": [
        {
            "name": "prinsfrank/pdfparser",
            "version": "v2.1.1",
            "source": {
                "type": "git",
                "url": "https://github.com/PrinsFrank/pdfparser.git",
                "reference": "41724b1efcd364bd69551674ff643b2f729adb9e"
            },
            "dist": {
                "type": "zip",
                "url": "https://api.github.com/repos/PrinsFrank/pdfparser/zipball/41724b1efcd364bd69551674ff643b2f729adb9e",
                "reference": "41724b1efcd364bd69551674ff643b2f729adb9e",
                "shasum": ""
            },
            "require": {
                "ext-iconv": "*",
                "ext-zlib": "*",
                "php": "^8.1"
            },
            "require-dev": {
                "friendsofphp/php-cs-fixer": "^3.65",
                "phpstan/phpstan": "^2.0",
                "phpstan/phpstan-strict-rules": "^2",
                "phpunit/phpunit": "^11.5",
                "prinsfrank/pdf-samples": "0.0.9"
            },
            "type": "library",
            "autoload": {
                "psr-4": {
                    "PrinsFrank\\PdfParser\\": "src/"
                }
            },
            "notification-url": "https://packagist.org/downloads/",
            "license": [
                "MIT"
            ],
            "description": "maintainable, fast & low-memory; built from scratch ",
            "support": {
                "issues": "https://github.com/PrinsFrank/pdfparser/issues",
                "source": "https://github.com/PrinsFrank/pdfparser/tree/v2.1.1"
            },
            "funding": [
                {
                    "url": "https://github.com/PrinsFrank",
                    "type": "github"
                }
            ],
            "time": "2025-06-13T18:17:19+00:00"
        }
    ],
    "packages-dev": [],
    "aliases": [],
    "minimum-stability": "stable",
    "stability-flags": {},
    "prefer-stable": false,
    "prefer-lowest": false,
    "platform": {
        "php": "^8.2"
    },
    "platform-dev": {},
    "plugin-api-version": "2.9.0"
}
